
Microsoft Visual Studio Solution File, Format Version 12.00
# Visual Studio Version 16
VisualStudioVersion = 16.0.32413.511
MinimumVisualStudioVersion = 10.0.40219.1
Project("{FAE04EC0-301F-11D3-BF4B-00C04F79EFBC}") = "WPFUI", "WPFUI\WPFUI.csproj", "{8CDF7BE2-46DF-48B1-AD0E-00BE9C747327}"
EndProject
Project("{FAE04EC0-301F-11D3-BF4B-00C04F79EFBC}") = "Engine", "Engine\Engine.csproj", "{B97A3384-9292-479D-833A-3EC3B12142E9}"
EndProject
Project("{FAE04EC0-301F-11D3-BF4B-00C04F79EFBC}") = "TestEngine", "TestEngine\TestEngine.csproj", "{D939D188-379C-4617-AEE3-3D5C362589E0}"
EndProject
Global
	GlobalSection(SolutionConfigurationPlatforms) = preSolution
		Debug|Any CPU = Debug|Any CPU
		Release|Any CPU = Release|Any CPU
	EndGlobalSection
	GlobalSection(ProjectConfigurationPlatforms) = postSolution
		{8CDF7BE2-46DF-48B1-AD0E-00BE9C747327}.Debug|Any CPU.ActiveCfg = Debug|Any CPU
		{8CDF7BE2-46DF-48B1-AD0E-00BE9C747327}.Debug|Any CPU.Build.0 = Debug|Any CPU
		{8CDF7BE2-46DF-48B1-AD0E-00BE9C747327}.Release|Any CPU.ActiveCfg = Release|Any CPU
		{8CDF7BE2-46DF-48B1-AD0E-00BE9C747327}.Release|Any CPU.Build.0 = Release|Any CPU
		{B97A3384-9292-479D-833A-3EC3B12142E9}.Debug|Any CPU.ActiveCfg = Debug|Any CPU
		{B97A3384-9292-479D-833A-3EC3B12142E9}.Debug|Any CPU.Build.0 = Debug|Any CPU
		{B97A3384-9292-479D-833A-3EC3B12142E9}.Release|Any CPU.ActiveCfg = Release|Any CPU
		{B97A3384-9292-479D-833A-3EC3B12142E9}.Release|Any CPU.Build.0 = Release|Any CPU
		{D939D188-379C-4617-AEE3-3D5C362589E0}.Debug|Any CPU.ActiveCfg = Debug|Any CPU
		{D939D188-379C-4617-AEE3-3D5C362589E0}.Debug|Any CPU.Build.0 = Debug|Any CPU
		{D939D188-379C-4617-AEE3-3D5C362589E0}.Release|Any CPU.ActiveCfg = Release|Any CPU
		{D939D188-379C-4617-AEE3-3D5C362589E0}.Release|Any CPU.Build.0 = Release|Any CPU
	EndGlobalSection
	GlobalSection(SolutionProperties) = preSolution
		HideSolutionNode = FALSE
	EndGlobalSection
	GlobalSection(ExtensibilityGlobals) = postSolution
		SolutionGuid = {8618C03E-F207-4410-8008-1AD3E174E618}
	EndGlobalSection
EndGlobal
